// !$*UTF8*$!
{
	archiveVersion = 1;
	classes = {
	};
	objectVersion = 48;
	objects = {

/* Begin PBXBuildFile section */
		52876BE31FD5B5E90095D994 /* AppDelegate.swift in Sources */ = {isa = PBXBuildFile; fileRef = 52876BE21FD5B5E90095D994 /* AppDelegate.swift */; };
		52876BE51FD5B5E90095D994 /* art.scnassets in Resources */ = {isa = PBXBuildFile; fileRef = 52876BE41FD5B5E90095D994 /* art.scnassets */; };
		52876BE71FD5B5E90095D994 /* ViewController.swift in Sources */ = {isa = PBXBuildFile; fileRef = 52876BE61FD5B5E90095D994 /* ViewController.swift */; };
		52876BEA1FD5B5E90095D994 /* Main.storyboard in Resources */ = {isa = PBXBuildFile; fileRef = 52876BE81FD5B5E90095D994 /* Main.storyboard */; };
		52876BEC1FD5B5E90095D994 /* Assets.xcassets in Resources */ = {isa = PBXBuildFile; fileRef = 52876BEB1FD5B5E90095D994 /* Assets.xcassets */; };
		52876BEF1FD5B5E90095D994 /* LaunchScreen.storyboard in Resources */ = {isa = PBXBuildFile; fileRef = 52876BED1FD5B5E90095D994 /* LaunchScreen.storyboard */; };
		52876BF71FD5B6100095D994 /* EarthNode.swift in Sources */ = {isa = PBXBuildFile; fileRef = 52876BF61FD5B6100095D994 /* EarthNode.swift */; };
/* End PBXBuildFile section */

/* Begin PBXFileReference section */
		52876BDF1FD5B5E90095D994 /* ARKitEarth.app */ = {isa = PBXFileReference; explicitFileType = wrapper.application; includeInIndex = 0; path = ARKitEarth.app; sourceTree = BUILT_PRODUCTS_DIR; };
		52876BE21FD5B5E90095D994 /* AppDelegate.swift */ = {isa = PBXFileReference; lastKnownFileType = sourcecode.swift; path = AppDelegate.swift; sourceTree = "<group>"; };
		52876BE41FD5B5E90095D994 /* art.scnassets */ = {isa = PBXFileReference; lastKnownFileType = wrapper.scnassets; path = art.scnassets; sourceTree = "<group>"; };
		52876BE61FD5B5E90095D994 /* ViewController.swift */ = {isa = PBXFileReference; lastKnownFileType = sourcecode.swift; path = ViewController.swift; sourceTree = "<group>"; };
		52876BE91FD5B5E90095D994 /* Base */ = {isa = PBXFileReference; lastKnownFileType = file.storyboard; name = Base; path = Base.lproj/Main.storyboard; sourceTree = "<group>"; };
		52876BEB1FD5B5E90095D994 /* Assets.xcassets */ = {isa = PBXFileReference; lastKnownFileType = folder.assetcatalog; path = Assets.xcassets; sourceTree = "<group>"; };
		52876BEE1FD5B5E90095D994 /* Base */ = {isa = PBXFileReference; lastKnownFileType = file.storyboard; name = Base; path = Base.lproj/LaunchScreen.storyboard; sourceTree = "<group>"; };
		52876BF01FD5B5E90095D994 /* Info.plist */ = {isa = PBXFileReference; lastKnownFileType = text.plist.xml; path = Info.plist; sourceTree = "<group>"; };
		52876BF61FD5B6100095D994 /* EarthNode.swift */ = {isa = PBXFileReference; fileEncoding = 4; lastKnownFileType = sourcecode.swift; path = EarthNode.swift; sourceTree = "<group>"; };
/* End PBXFileReference section */

/* Begin PBXFrameworksBuildPhase section */
		52876BDC1FD5B5E90095D994 /* Frameworks */ = {
			isa = PBXFrameworksBuildPhase;
			buildActionMask = 2147483647;
			files = (
			);
			runOnlyForDeploymentPostprocessing = 0;
		};
/* End PBXFrameworksBuildPhase section */

/* Begin PBXGroup section */
		52876BD61FD5B5E90095D994 = {
			isa = PBXGroup;
			children = (
				52876BE11FD5B5E90095D994 /* ARKitEarth */,
				52876BE01FD5B5E90095D994 /* Products */,
			);
			sourceTree = "<group>";
		};
		52876BE01FD5B5E90095D994 /* Products */ = {
			isa = PBXGroup;
			children = (
				52876BDF1FD5B5E90095D994 /* ARKitEarth.app */,
			);
			name = Products;
			sourceTree = "<group>";
		};
		52876BE11FD5B5E90095D994 /* ARKitEarth */ = {
			isa = PBXGroup;
			children = (
				52876BE21FD5B5E90095D994 /* AppDelegate.swift */,
				52876BE41FD5B5E90095D994 /* art.scnassets */,
				52876BE61FD5B5E90095D994 /* ViewController.swift */,
				52876BF61FD5B6100095D994 /* EarthNode.swift */,
				52876BE81FD5B5E90095D994 /* Main.storyboard */,
				52876BEB1FD5B5E90095D994 /* Assets.xcassets */,
				52876BED1FD5B5E90095D994 /* LaunchScreen.storyboard */,
				52876BF01FD5B5E90095D994 /* Info.plist */,
			);
			path = ARKitEarth;
			sourceTree = "<group>";
		};
/* End PBXGroup section */

/* Begin PBXNativeTarget section */
		52876BDE1FD5B5E90095D994 /* ARKitEarth */ = {
			isa = PBXNativeTarget;
			buildConfigurationList = 52876BF31FD5B5E90095D994 /* Build configuration list for PBXNativeTarget "ARKitEarth" */;
			buildPhases = (
				52876BDB1FD5B5E90095D994 /* Sources */,
				52876BDC1FD5B5E90095D994 /* Frameworks */,
				52876BDD1FD5B5E90095D994 /* Resources */,
			);
			buildRules = (
			);
			dependencies = (
			);
			name = ARKitEarth;
			productName = ARKitEarth;
			productReference = 52876BDF1FD5B5E90095D994 /* ARKitEarth.app */;
			productType = "com.apple.product-type.application";
		};
/* End PBXNativeTarget section */

/* Begin PBXProject section */
		52876BD71FD5B5E90095D994 /* Project object */ = {
			isa = PBXProject;
			attributes = {
				LastSwiftUpdateCheck = 0910;
				LastUpgradeCheck = 0910;
				ORGANIZATIONNAME = "Brian Advent";
				TargetAttributes = {
					52876BDE1FD5B5E90095D994 = {
						CreatedOnToolsVersion = 9.1;
						ProvisioningStyle = Automatic;
					};
				};
			};
			buildConfigurationList = 52876BDA1FD5B5E90095D994 /* Build configuration list for PBXProject "ARKitEarth" */;
			compatibilityVersion = "Xcode 8.0";
			developmentRegion = en;
			hasScannedForEncodings = 0;
			knownRegions = (
				en,
				Base,
			);
			mainGroup = 52876BD61FD5B5E90095D994;
			productRefGroup = 52876BE01FD5B5E90095D994 /* Products */;
			projectDirPath = "";
			projectRoot = "";
			targets = (
				52876BDE1FD5B5E90095D994 /* ARKitEarth */,
			);
		};
/* End PBXProject section */

/* Begin PBXResourcesBuildPhase section */
		52876BDD1FD5B5E90095D994 /* Resources */ = {
			isa = PBXResourcesBuildPhase;
			buildActionMask = 2147483647;
			files = (
				52876BE51FD5B5E90095D994 /* art.scnassets in Resources */,
				52876BEF1FD5B5E90095D994 /* LaunchScreen.storyboard in Resources */,
				52876BEC1FD5B5E90095D994 /* Assets.xcassets in Resources */,
				52876BEA1FD5B5E90095D994 /* Main.storyboard in Resources */,
			);
			runOnlyForDeploymentPostprocessing = 0;
		};
/* End PBXResourcesBuildPhase section */

/* Begin PBXSourcesBuildPhase section */
		52876BDB1FD5B5E90095D994 /* Sources */ = {
			isa = PBXSourcesBuildPhase;
			buildActionMask = 2147483647;
			files = (
				52876BE71FD5B5E90095D994 /* ViewController.swift in Sources */,
				52876BF71FD5B6100095D994 /* EarthNode.swift in Sources */,
				52876BE31FD5B5E90095D994 /* AppDelegate.swift in Sources */,
			);
			runOnlyForDeploymentPostprocessing = 0;
		};
/* End PBXSourcesBuildPhase section */

/* Begin PBXVariantGroup section */
		52876BE81FD5B5E90095D994 /* Main.storyboard */ = {
			isa = PBXVariantGroup;
			children = (
				52876BE91FD5B5E90095D994 /* Base */,
			);
			name = Main.storyboard;
			sourceTree = "<group>";
		};
		52876BED1FD5B5E90095D994 /* LaunchScreen.storyboard */ = {
			isa = PBXVariantGroup;
			children = (
				52876BEE1FD5B5E90095D994 /* Base */,
			);
			name = LaunchScreen.storyboard;
			sourceTree = "<group>";
		};
/* End PBXVariantGroup section */

/* Begin XCBuildConfiguration section */
		52876BF11FD5B5E90095D994 /* Debug */ = {
			isa = XCBuildConfiguration;
			buildSettings = {
				ALWAYS_SEARCH_USER_PATHS = NO;
				CLANG_ANALYZER_NONNULL = YES;
				CLANG_ANALYZER_NUMBER_OBJECT_CONVERSION = YES_AGGRESSIVE;
				CLANG_CXX_LANGUAGE_STANDARD = "gnu++14";
				CLANG_CXX_LIBRARY = "libc++";
				CLANG_ENABLE_MODULES = YES;
				CLANG_ENABLE_OBJC_ARC = YES;
				CLANG_WARN_BLOCK_CAPTURE_AUTORELEASING = YES;
				CLANG_WARN_BOOL_CONVERSION = YES;
				CLANG_WARN_COMMA = YES;
				CLANG_WARN_CONSTANT_CONVERSION = YES;
				CLANG_WARN_DIRECT_OBJC_ISA_USAGE = YES_ERROR;
				CLANG_WARN_DOCUMENTATION_COMMENTS = YES;
				CLANG_WARN_EMPTY_BODY = YES;
				CLANG_WARN_ENUM_CONVERSION = YES;
				CLANG_WARN_INFINITE_RECURSION = YES;
				CLANG_WARN_INT_CONVERSION = YES;
				CLANG_WARN_NON_LITERAL_NULL_CONVERSION = YES;
				CLANG_WARN_OBJC_LITERAL_CONVERSION = YES;
				CLANG_WARN_OBJC_ROOT_CLASS = YES_ERROR;
				CLANG_WARN_RANGE_LOOP_ANALYSIS = YES;
				CLANG_WARN_STRICT_PROTOTYPES = YES;
				CLANG_WARN_SUSPICIOUS_MOVE = YES;
				CLANG_WARN_UNGUARDED_AVAILABILITY = YES_AGGRESSIVE;
				CLANG_WARN_UNREACHABLE_CODE = YES;
				CLANG_WARN__DUPLICATE_METHOD_MATCH = YES;
				CODE_SIGN_IDENTITY = "iPhone Developer";
				COPY_PHASE_STRIP = NO;
				DEBUG_INFORMATION_FORMAT = dwarf;
				ENABLE_STRICT_OBJC_MSGSEND = YES;
				ENABLE_TESTABILITY = YES;
				GCC_C_LANGUAGE_STANDARD = gnu11;
				GCC_DYNAMIC_NO_PIC = NO;
				GCC_NO_COMMON_BLOCKS = YES;
				GCC_OPTIMIZATION_LEVEL = 0;
				GCC_PREPROCESSOR_DEFINITIONS = (
					"DEBUG=1",
					"$(inherited)",
				);
				GCC_WARN_64_TO_32_BIT_CONVERSION = YES;
				GCC_WARN_ABOUT_RETURN_TYPE = YES_ERROR;
				GCC_WARN_UNDECLARED_SELECTOR = YES;
				GCC_WARN_UNINITIALIZED_AUTOS = YES_AGGRESSIVE;
				GCC_WARN_UNUSED_FUNCTION = YES;
				GCC_WARN_UNUSED_VARIABLE = YES;
				IPHONEOS_DEPLOYMENT_TARGET = 11.1;
				MTL_ENABLE_DEBUG_INFO = YES;
				ONLY_ACTIVE_ARCH = YES;
				SDKROOT = iphoneos;
				SWIFT_ACTIVE_COMPILATION_CONDITIONS = DEBUG;
				SWIFT_OPTIMIZATION_LEVEL = "-Onone";
			};
			name = Debug;
		};
		52876BF21FD5B5E90095D994 /* Release */ = {
			isa = XCBuildConfiguration;
			buildSettings = {
				ALWAYS_SEARCH_USER_PATHS = NO;
				CLANG_ANALYZER_NONNULL = YES;
				CLANG_ANALYZER_NUMBER_OBJECT_CONVERSION = YES_AGGRESSIVE;
				CLANG_CXX_LANGUAGE_STANDARD = "gnu++14";
				CLANG_CXX_LIBRARY = "libc++";
				CLANG_ENABLE_MODULES = YES;
				CLANG_ENABLE_OBJC_ARC = YES;
				CLANG_WARN_BLOCK_CAPTURE_AUTORELEASING = YES;
				CLANG_WARN_BOOL_CONVERSION = YES;
				CLANG_WARN_COMMA = YES;
				CLANG_WARN_CONSTANT_CONVERSION = YES;
				CLANG_WARN_DIRECT_OBJC_ISA_USAGE = YES_ERROR;
				CLANG_WARN_DOCUMENTATION_COMMENTS = YES;
				CLANG_WARN_EMPTY_BODY = YES;
				CLANG_WARN_ENUM_CONVERSION = YES;
				CLANG_WARN_INFINITE_RECURSION = YES;
				CLANG_WARN_INT_CONVERSION = YES;
				CLANG_WARN_NON_LITERAL_NULL_CONVERSION = YES;
				CLANG_WARN_OBJC_LITERAL_CONVERSION = YES;
				CLANG_WARN_OBJC_ROOT_CLASS = YES_ERROR;
				CLANG_WARN_RANGE_LOOP_ANALYSIS = YES;
				CLANG_WARN_STRICT_PROTOTYPES = YES;
				CLANG_WARN_SUSPICIOUS_MOVE = YES;
				CLANG_WARN_UNGUARDED_AVAILABILITY = YES_AGGRESSIVE;
				CLANG_WARN_UNREACHABLE_CODE = YES;
				CLANG_WARN__DUPLICATE_METHOD_MATCH = YES;
				CODE_SIGN_IDENTITY = "iPhone Developer";
				COPY_PHASE_STRIP = NO;
				DEBUG_INFORMATION_FORMAT = "dwarf-with-dsym";
				ENABLE_NS_ASSERTIONS = NO;
				ENABLE_STRICT_OBJC_MSGSEND = YES;
				GCC_C_LANGUAGE_STANDARD = gnu11;
				GCC_NO_COMMON_BLOCKS = YES;
				GCC_WARN_64_TO_32_BIT_CONVERSION = YES;
				GCC_WARN_ABOUT_RETURN_TYPE = YES_ERROR;
				GCC_WARN_UNDECLARED_SELECTOR = YES;
				GCC_WARN_UNINITIALIZED_AUTOS = YES_AGGRESSIVE;
				GCC_WARN_UNUSED_FUNCTION = YES;
				GCC_WARN_UNUSED_VARIABLE = YES;
				IPHONEOS_DEPLOYMENT_TARGET = 11.1;
				MTL_ENABLE_DEBUG_INFO = NO;
				SDKROOT = iphoneos;
				SWIFT_OPTIMIZATION_LEVEL = "-Owholemodule";
				VALIDATE_PRODUCT = YES;
			};
			name = Release;
		};
		52876BF41FD5B5E90095D994 /* Debug */ = {
			isa = XCBuildConfiguration;
			buildSettings = {
				ASSETCATALOG_COMPILER_APPICON_NAME = AppIcon;
				CODE_SIGN_STYLE = Automatic;
				INFOPLIST_FILE = ARKitEarth/Info.plist;
				LD_RUNPATH_SEARCH_PATHS = "$(inherited) @executable_path/Frameworks";
				PRODUCT_BUNDLE_IDENTIFIER = com.brianadvent.ARKitEarth;
				PRODUCT_NAME = "$(TARGET_NAME)";
				SWIFT_VERSION = 4.0;
				TARGETED_DEVICE_FAMILY = "1,2";
			};
			name = Debug;
		};
		52876BF51FD5B5E90095D994 /* Release */ = {
			isa = XCBuildConfiguration;
			buildSettings = {
				ASSETCATALOG_COMPILER_APPICON_NAME = AppIcon;
				CODE_SIGN_STYLE = Automatic;
				INFOPLIST_FILE = ARKitEarth/Info.plist;
				LD_RUNPATH_SEARCH_PATHS = "$(inherited) @executable_path/Frameworks";
				PRODUCT_BUNDLE_IDENTIFIER = com.brianadvent.ARKitEarth;
				PRODUCT_NAME = "$(TARGET_NAME)";
				SWIFT_VERSION = 4.0;
				TARGETED_DEVICE_FAMILY = "1,2";
			};
			name = Release;
		};
/* End XCBuildConfiguration section */

/* Begin XCConfigurationList section */
		52876BDA1FD5B5E90095D994 /* Build configuration list for PBXProject "ARKitEarth" */ = {
			isa = XCConfigurationList;
			buildConfigurations = (
				52876BF11FD5B5E90095D994 /* Debug */,
				52876BF21FD5B5E90095D994 /* Release */,
			);
			defaultConfigurationIsVisible = 0;
			defaultConfigurationName = Release;
		};
		52876BF31FD5B5E90095D994 /* Build configuration list for PBXNativeTarget "ARKitEarth" */ = {
			isa = XCConfigurationList;
			buildConfigurations = (
				52876BF41FD5B5E90095D994 /* Debug */,
				52876BF51FD5B5E90095D994 /* Release */,
			);
			defaultConfigurationIsVisible = 0;
			defaultConfigurationName = Release;
		};
/* End XCConfigurationList section */
	};
	rootObject = 52876BD71FD5B5E90095D994 /* Project object */;
}
